
Microsoft Visual Studio Solution File, Format Version 12.00
# Visual Studio 15
VisualStudioVersion = 15.0.26730.10
MinimumVisualStudioVersion = 10.0.40219.1

Project("{6EC3EE1D-3C4E-46DD-8F32-0CC8E7565705}") = "multiCounter", "multiCounter\multiCounter.fsproj", "{E4FE5085-9B9B-41A8-8FA3-6B2FBBF6B596}"
EndProject





Project("{F2A71F9B-5D33-465A-A702-920D77279786}") = "multiCounter.WPF", "multiCounter.WPF\multiCounter.WPF.fsproj", "{DD3F5ECF-0A18-4C26-BA2A-E8AEBBDCE304}"
EndProject


Global
	GlobalSection(SolutionConfigurationPlatforms) = preSolution
		Ad-Hoc|Any CPU = Ad-Hoc|Any CPU
		Ad-Hoc|ARM = Ad-Hoc|ARM
		Ad-Hoc|iPhone = Ad-Hoc|iPhone
		Ad-Hoc|iPhoneSimulator = Ad-Hoc|iPhoneSimulator
		Ad-Hoc|x64 = Ad-Hoc|x64
		Ad-Hoc|x86 = Ad-Hoc|x86
		AppStore|Any CPU = AppStore|Any CPU
		AppStore|ARM = AppStore|ARM
		AppStore|iPhone = AppStore|iPhone
		AppStore|iPhoneSimulator = AppStore|iPhoneSimulator
		AppStore|x64 = AppStore|x64
		AppStore|x86 = AppStore|x86
		Debug|Any CPU = Debug|Any CPU
		Debug|ARM = Debug|ARM
		Debug|iPhone = Debug|iPhone
		Debug|iPhoneSimulator = Debug|iPhoneSimulator
		Debug|x64 = Debug|x64
		Debug|x86 = Debug|x86
		Release|Any CPU = Release|Any CPU
		Release|ARM = Release|ARM
		Release|iPhone = Release|iPhone
		Release|iPhoneSimulator = Release|iPhoneSimulator
		Release|x64 = Release|x64
		Release|x86 = Release|x86
	EndGlobalSection
	GlobalSection(ProjectConfigurationPlatforms) = postSolution
		{E4FE5085-9B9B-41A8-8FA3-6B2FBBF6B596}.Ad-Hoc|Any CPU.ActiveCfg = Debug|Any CPU
		{E4FE5085-9B9B-41A8-8FA3-6B2FBBF6B596}.Ad-Hoc|Any CPU.Build.0 = Debug|Any CPU
		{E4FE5085-9B9B-41A8-8FA3-6B2FBBF6B596}.Ad-Hoc|ARM.ActiveCfg = Debug|Any CPU
		{E4FE5085-9B9B-41A8-8FA3-6B2FBBF6B596}.Ad-Hoc|ARM.Build.0 = Debug|Any CPU
		{E4FE5085-9B9B-41A8-8FA3-6B2FBBF6B596}.Ad-Hoc|iPhone.ActiveCfg = Debug|Any CPU
		{E4FE5085-9B9B-41A8-8FA3-6B2FBBF6B596}.Ad-Hoc|iPhone.Build.0 = Debug|Any CPU
		{E4FE5085-9B9B-41A8-8FA3-6B2FBBF6B596}.Ad-Hoc|iPhoneSimulator.ActiveCfg = Debug|Any CPU
		{E4FE5085-9B9B-41A8-8FA3-6B2FBBF6B596}.Ad-Hoc|iPhoneSimulator.Build.0 = Debug|Any CPU
		{E4FE5085-9B9B-41A8-8FA3-6B2FBBF6B596}.Ad-Hoc|x64.ActiveCfg = Debug|Any CPU
		{E4FE5085-9B9B-41A8-8FA3-6B2FBBF6B596}.Ad-Hoc|x64.Build.0 = Debug|Any CPU
		{E4FE5085-9B9B-41A8-8FA3-6B2FBBF6B596}.Ad-Hoc|x86.ActiveCfg = Debug|Any CPU
		{E4FE5085-9B9B-41A8-8FA3-6B2FBBF6B596}.Ad-Hoc|x86.Build.0 = Debug|Any CPU
		{E4FE5085-9B9B-41A8-8FA3-6B2FBBF6B596}.AppStore|Any CPU.ActiveCfg = Debug|Any CPU
		{E4FE5085-9B9B-41A8-8FA3-6B2FBBF6B596}.AppStore|Any CPU.Build.0 = Debug|Any CPU
		{E4FE5085-9B9B-41A8-8FA3-6B2FBBF6B596}.AppStore|ARM.ActiveCfg = Debug|Any CPU
		{E4FE5085-9B9B-41A8-8FA3-6B2FBBF6B596}.AppStore|ARM.Build.0 = Debug|Any CPU
		{E4FE5085-9B9B-41A8-8FA3-6B2FBBF6B596}.AppStore|iPhone.ActiveCfg = Debug|Any CPU
		{E4FE5085-9B9B-41A8-8FA3-6B2FBBF6B596}.AppStore|iPhone.Build.0 = Debug|Any CPU
		{E4FE5085-9B9B-41A8-8FA3-6B2FBBF6B596}.AppStore|iPhoneSimulator.ActiveCfg = Debug|Any CPU
		{E4FE5085-9B9B-41A8-8FA3-6B2FBBF6B596}.AppStore|iPhoneSimulator.Build.0 = Debug|Any CPU
		{E4FE5085-9B9B-41A8-8FA3-6B2FBBF6B596}.AppStore|x64.ActiveCfg = Debug|Any CPU
		{E4FE5085-9B9B-41A8-8FA3-6B2FBBF6B596}.AppStore|x64.Build.0 = Debug|Any CPU
		{E4FE5085-9B9B-41A8-8FA3-6B2FBBF6B596}.AppStore|x86.ActiveCfg = Debug|Any CPU
		{E4FE5085-9B9B-41A8-8FA3-6B2FBBF6B596}.AppStore|x86.Build.0 = Debug|Any CPU
		{E4FE5085-9B9B-41A8-8FA3-6B2FBBF6B596}.Debug|Any CPU.ActiveCfg = Debug|Any CPU
		{E4FE5085-9B9B-41A8-8FA3-6B2FBBF6B596}.Debug|Any CPU.Build.0 = Debug|Any CPU
		{E4FE5085-9B9B-41A8-8FA3-6B2FBBF6B596}.Debug|ARM.ActiveCfg = Debug|Any CPU
		{E4FE5085-9B9B-41A8-8FA3-6B2FBBF6B596}.Debug|ARM.Build.0 = Debug|Any CPU
		{E4FE5085-9B9B-41A8-8FA3-6B2FBBF6B596}.Debug|iPhone.ActiveCfg = Debug|Any CPU
		{E4FE5085-9B9B-41A8-8FA3-6B2FBBF6B596}.Debug|iPhone.Build.0 = Debug|Any CPU
		{E4FE5085-9B9B-41A8-8FA3-6B2FBBF6B596}.Debug|iPhoneSimulator.ActiveCfg = Debug|Any CPU
		{E4FE5085-9B9B-41A8-8FA3-6B2FBBF6B596}.Debug|iPhoneSimulator.Build.0 = Debug|Any CPU
		{E4FE5085-9B9B-41A8-8FA3-6B2FBBF6B596}.Debug|x64.ActiveCfg = Debug|Any CPU
		{E4FE5085-9B9B-41A8-8FA3-6B2FBBF6B596}.Debug|x64.Build.0 = Debug|Any CPU
		{E4FE5085-9B9B-41A8-8FA3-6B2FBBF6B596}.Debug|x86.ActiveCfg = Debug|Any CPU
		{E4FE5085-9B9B-41A8-8FA3-6B2FBBF6B596}.Debug|x86.Build.0 = Debug|Any CPU
		{E4FE5085-9B9B-41A8-8FA3-6B2FBBF6B596}.Release|Any CPU.ActiveCfg = Release|Any CPU
		{E4FE5085-9B9B-41A8-8FA3-6B2FBBF6B596}.Release|Any CPU.Build.0 = Release|Any CPU
		{E4FE5085-9B9B-41A8-8FA3-6B2FBBF6B596}.Release|ARM.ActiveCfg = Release|Any CPU
		{E4FE5085-9B9B-41A8-8FA3-6B2FBBF6B596}.Release|ARM.Build.0 = Release|Any CPU
		{E4FE5085-9B9B-41A8-8FA3-6B2FBBF6B596}.Release|iPhone.ActiveCfg = Release|Any CPU
		{E4FE5085-9B9B-41A8-8FA3-6B2FBBF6B596}.Release|iPhone.Build.0 = Release|Any CPU
		{E4FE5085-9B9B-41A8-8FA3-6B2FBBF6B596}.Release|iPhoneSimulator.ActiveCfg = Release|Any CPU
		{E4FE5085-9B9B-41A8-8FA3-6B2FBBF6B596}.Release|iPhoneSimulator.Build.0 = Release|Any CPU
		{E4FE5085-9B9B-41A8-8FA3-6B2FBBF6B596}.Release|x64.ActiveCfg = Release|Any CPU
		{E4FE5085-9B9B-41A8-8FA3-6B2FBBF6B596}.Release|x64.Build.0 = Release|Any CPU
		{E4FE5085-9B9B-41A8-8FA3-6B2FBBF6B596}.Release|x86.ActiveCfg = Release|Any CPU
		{E4FE5085-9B9B-41A8-8FA3-6B2FBBF6B596}.Release|x86.Build.0 = Release|Any CPU
		{7495D342-4E69-402C-879E-A831D6D7C2FA}.Ad-Hoc|Any CPU.ActiveCfg = Ad-Hoc|iPhone
		{7495D342-4E69-402C-879E-A831D6D7C2FA}.Ad-Hoc|ARM.ActiveCfg = Ad-Hoc|iPhone
		{7495D342-4E69-402C-879E-A831D6D7C2FA}.Ad-Hoc|iPhone.ActiveCfg = Ad-Hoc|iPhone
		{7495D342-4E69-402C-879E-A831D6D7C2FA}.Ad-Hoc|iPhone.Build.0 = Ad-Hoc|iPhone
		{7495D342-4E69-402C-879E-A831D6D7C2FA}.Ad-Hoc|iPhoneSimulator.ActiveCfg = Ad-Hoc|iPhoneSimulator
		{7495D342-4E69-402C-879E-A831D6D7C2FA}.Ad-Hoc|iPhoneSimulator.Build.0 = Ad-Hoc|iPhoneSimulator
		{7495D342-4E69-402C-879E-A831D6D7C2FA}.Ad-Hoc|x64.ActiveCfg = Ad-Hoc|iPhone
		{7495D342-4E69-402C-879E-A831D6D7C2FA}.Ad-Hoc|x86.ActiveCfg = Ad-Hoc|iPhone
		{7495D342-4E69-402C-879E-A831D6D7C2FA}.AppStore|Any CPU.ActiveCfg = AppStore|iPhone
		{7495D342-4E69-402C-879E-A831D6D7C2FA}.AppStore|ARM.ActiveCfg = AppStore|iPhone
		{7495D342-4E69-402C-879E-A831D6D7C2FA}.AppStore|iPhone.ActiveCfg = AppStore|iPhone
		{7495D342-4E69-402C-879E-A831D6D7C2FA}.AppStore|iPhone.Build.0 = AppStore|iPhone
		{7495D342-4E69-402C-879E-A831D6D7C2FA}.AppStore|iPhoneSimulator.ActiveCfg = AppStore|iPhoneSimulator
		{7495D342-4E69-402C-879E-A831D6D7C2FA}.AppStore|iPhoneSimulator.Build.0 = AppStore|iPhoneSimulator
		{7495D342-4E69-402C-879E-A831D6D7C2FA}.AppStore|x64.ActiveCfg = AppStore|iPhone
		{7495D342-4E69-402C-879E-A831D6D7C2FA}.AppStore|x86.ActiveCfg = AppStore|iPhone
		{7495D342-4E69-402C-879E-A831D6D7C2FA}.Debug|Any CPU.ActiveCfg = Debug|iPhone
		{7495D342-4E69-402C-879E-A831D6D7C2FA}.Debug|ARM.ActiveCfg = Debug|iPhone
		{7495D342-4E69-402C-879E-A831D6D7C2FA}.Debug|iPhone.ActiveCfg = Debug|iPhone
		{7495D342-4E69-402C-879E-A831D6D7C2FA}.Debug|iPhone.Build.0 = Debug|iPhone
		{7495D342-4E69-402C-879E-A831D6D7C2FA}.Debug|iPhoneSimulator.ActiveCfg = Debug|iPhoneSimulator
		{7495D342-4E69-402C-879E-A831D6D7C2FA}.Debug|iPhoneSimulator.Build.0 = Debug|iPhoneSimulator
		{7495D342-4E69-402C-879E-A831D6D7C2FA}.Debug|x64.ActiveCfg = Debug|iPhone
		{7495D342-4E69-402C-879E-A831D6D7C2FA}.Debug|x86.ActiveCfg = Debug|iPhone
		{7495D342-4E69-402C-879E-A831D6D7C2FA}.Release|Any CPU.ActiveCfg = Release|iPhone
		{7495D342-4E69-402C-879E-A831D6D7C2FA}.Release|ARM.ActiveCfg = Release|iPhone
		{7495D342-4E69-402C-879E-A831D6D7C2FA}.Release|iPhone.ActiveCfg = Release|iPhone
		{7495D342-4E69-402C-879E-A831D6D7C2FA}.Release|iPhone.Build.0 = Release|iPhone
		{7495D342-4E69-402C-879E-A831D6D7C2FA}.Release|iPhoneSimulator.ActiveCfg = Release|iPhoneSimulator
		{7495D342-4E69-402C-879E-A831D6D7C2FA}.Release|iPhoneSimulator.Build.0 = Release|iPhoneSimulator
		{7495D342-4E69-402C-879E-A831D6D7C2FA}.Release|x64.ActiveCfg = Release|iPhone
		{7495D342-4E69-402C-879E-A831D6D7C2FA}.Release|x86.ActiveCfg = Release|iPhone
		{EB30F61D-C775-43E5-8993-927D2C146033}.Ad-Hoc|Any CPU.ActiveCfg = Release|x86
		{EB30F61D-C775-43E5-8993-927D2C146033}.Ad-Hoc|Any CPU.Build.0 = Release|x86
		{EB30F61D-C775-43E5-8993-927D2C146033}.Ad-Hoc|Any CPU.Deploy.0 = Release|x86
		{EB30F61D-C775-43E5-8993-927D2C146033}.Ad-Hoc|ARM.ActiveCfg = Release|ARM
		{EB30F61D-C775-43E5-8993-927D2C146033}.Ad-Hoc|ARM.Build.0 = Release|ARM
		{EB30F61D-C775-43E5-8993-927D2C146033}.Ad-Hoc|ARM.Deploy.0 = Release|ARM
		{EB30F61D-C775-43E5-8993-927D2C146033}.Ad-Hoc|iPhone.ActiveCfg = Release|x86
		{EB30F61D-C775-43E5-8993-927D2C146033}.Ad-Hoc|iPhone.Build.0 = Release|x86
		{EB30F61D-C775-43E5-8993-927D2C146033}.Ad-Hoc|iPhone.Deploy.0 = Release|x86
		{EB30F61D-C775-43E5-8993-927D2C146033}.Ad-Hoc|iPhoneSimulator.ActiveCfg = Release|x86
		{EB30F61D-C775-43E5-8993-927D2C146033}.Ad-Hoc|iPhoneSimulator.Build.0 = Release|x86
		{EB30F61D-C775-43E5-8993-927D2C146033}.Ad-Hoc|iPhoneSimulator.Deploy.0 = Release|x86
		{EB30F61D-C775-43E5-8993-927D2C146033}.Ad-Hoc|x64.ActiveCfg = Release|x64
		{EB30F61D-C775-43E5-8993-927D2C146033}.Ad-Hoc|x64.Build.0 = Release|x64
		{EB30F61D-C775-43E5-8993-927D2C146033}.Ad-Hoc|x64.Deploy.0 = Release|x64
		{EB30F61D-C775-43E5-8993-927D2C146033}.Ad-Hoc|x86.ActiveCfg = Release|x86
		{EB30F61D-C775-43E5-8993-927D2C146033}.Ad-Hoc|x86.Build.0 = Release|x86
		{EB30F61D-C775-43E5-8993-927D2C146033}.Ad-Hoc|x86.Deploy.0 = Release|x86
		{EB30F61D-C775-43E5-8993-927D2C146033}.AppStore|Any CPU.ActiveCfg = Release|x86
		{EB30F61D-C775-43E5-8993-927D2C146033}.AppStore|Any CPU.Build.0 = Release|x86
		{EB30F61D-C775-43E5-8993-927D2C146033}.AppStore|Any CPU.Deploy.0 = Release|x86
		{EB30F61D-C775-43E5-8993-927D2C146033}.AppStore|ARM.ActiveCfg = Release|ARM
		{EB30F61D-C775-43E5-8993-927D2C146033}.AppStore|ARM.Build.0 = Release|ARM
		{EB30F61D-C775-43E5-8993-927D2C146033}.AppStore|ARM.Deploy.0 = Release|ARM
		{EB30F61D-C775-43E5-8993-927D2C146033}.AppStore|iPhone.ActiveCfg = Release|x86
		{EB30F61D-C775-43E5-8993-927D2C146033}.AppStore|iPhone.Build.0 = Release|x86
		{EB30F61D-C775-43E5-8993-927D2C146033}.AppStore|iPhone.Deploy.0 = Release|x86
		{EB30F61D-C775-43E5-8993-927D2C146033}.AppStore|iPhoneSimulator.ActiveCfg = Release|x86
		{EB30F61D-C775-43E5-8993-927D2C146033}.AppStore|iPhoneSimulator.Build.0 = Release|x86
		{EB30F61D-C775-43E5-8993-927D2C146033}.AppStore|iPhoneSimulator.Deploy.0 = Release|x86
		{EB30F61D-C775-43E5-8993-927D2C146033}.AppStore|x64.ActiveCfg = Release|x64
		{EB30F61D-C775-43E5-8993-927D2C146033}.AppStore|x64.Build.0 = Release|x64
		{EB30F61D-C775-43E5-8993-927D2C146033}.AppStore|x64.Deploy.0 = Release|x64
		{EB30F61D-C775-43E5-8993-927D2C146033}.AppStore|x86.ActiveCfg = Release|x86
		{EB30F61D-C775-43E5-8993-927D2C146033}.AppStore|x86.Build.0 = Release|x86
		{EB30F61D-C775-43E5-8993-927D2C146033}.AppStore|x86.Deploy.0 = Release|x86
		{EB30F61D-C775-43E5-8993-927D2C146033}.Debug|Any CPU.ActiveCfg = Debug|x86
		{EB30F61D-C775-43E5-8993-927D2C146033}.Debug|ARM.ActiveCfg = Debug|ARM
		{EB30F61D-C775-43E5-8993-927D2C146033}.Debug|ARM.Build.0 = Debug|ARM
		{EB30F61D-C775-43E5-8993-927D2C146033}.Debug|ARM.Deploy.0 = Debug|ARM
		{EB30F61D-C775-43E5-8993-927D2C146033}.Debug|iPhone.ActiveCfg = Debug|x86
		{EB30F61D-C775-43E5-8993-927D2C146033}.Debug|iPhoneSimulator.ActiveCfg = Debug|x86
		{EB30F61D-C775-43E5-8993-927D2C146033}.Debug|x64.ActiveCfg = Debug|x64
		{EB30F61D-C775-43E5-8993-927D2C146033}.Debug|x64.Build.0 = Debug|x64
		{EB30F61D-C775-43E5-8993-927D2C146033}.Debug|x64.Deploy.0 = Debug|x64
		{EB30F61D-C775-43E5-8993-927D2C146033}.Debug|x86.ActiveCfg = Debug|x86
		{EB30F61D-C775-43E5-8993-927D2C146033}.Debug|x86.Build.0 = Debug|x86
		{EB30F61D-C775-43E5-8993-927D2C146033}.Debug|x86.Deploy.0 = Debug|x86
		{EB30F61D-C775-43E5-8993-927D2C146033}.Release|Any CPU.ActiveCfg = Release|x86
		{EB30F61D-C775-43E5-8993-927D2C146033}.Release|ARM.ActiveCfg = Release|ARM
		{EB30F61D-C775-43E5-8993-927D2C146033}.Release|ARM.Build.0 = Release|ARM
		{EB30F61D-C775-43E5-8993-927D2C146033}.Release|ARM.Deploy.0 = Release|ARM
		{EB30F61D-C775-43E5-8993-927D2C146033}.Release|iPhone.ActiveCfg = Release|x86
		{EB30F61D-C775-43E5-8993-927D2C146033}.Release|iPhoneSimulator.ActiveCfg = Release|x86
		{EB30F61D-C775-43E5-8993-927D2C146033}.Release|x64.ActiveCfg = Release|x64
		{EB30F61D-C775-43E5-8993-927D2C146033}.Release|x64.Build.0 = Release|x64
		{EB30F61D-C775-43E5-8993-927D2C146033}.Release|x64.Deploy.0 = Release|x64
		{EB30F61D-C775-43E5-8993-927D2C146033}.Release|x86.ActiveCfg = Release|x86
		{EB30F61D-C775-43E5-8993-927D2C146033}.Release|x86.Build.0 = Release|x86
		{EB30F61D-C775-43E5-8993-927D2C146033}.Release|x86.Deploy.0 = Release|x86
		{712DB743-1472-415D-9B19-5B767E11B2B7}.Ad-Hoc|Any CPU.ActiveCfg = Release|Any CPU
		{712DB743-1472-415D-9B19-5B767E11B2B7}.Ad-Hoc|Any CPU.Build.0 = Release|Any CPU
		{712DB743-1472-415D-9B19-5B767E11B2B7}.Ad-Hoc|ARM.ActiveCfg = Release|Any CPU
		{712DB743-1472-415D-9B19-5B767E11B2B7}.Ad-Hoc|ARM.Build.0 = Release|Any CPU
		{712DB743-1472-415D-9B19-5B767E11B2B7}.Ad-Hoc|iPhone.ActiveCfg = Release|Any CPU
		{712DB743-1472-415D-9B19-5B767E11B2B7}.Ad-Hoc|iPhone.Build.0 = Release|Any CPU
		{712DB743-1472-415D-9B19-5B767E11B2B7}.Ad-Hoc|iPhoneSimulator.ActiveCfg = Release|Any CPU
		{712DB743-1472-415D-9B19-5B767E11B2B7}.Ad-Hoc|iPhoneSimulator.Build.0 = Release|Any CPU
		{712DB743-1472-415D-9B19-5B767E11B2B7}.Ad-Hoc|x64.ActiveCfg = Release|Any CPU
		{712DB743-1472-415D-9B19-5B767E11B2B7}.Ad-Hoc|x64.Build.0 = Release|Any CPU
		{712DB743-1472-415D-9B19-5B767E11B2B7}.Ad-Hoc|x86.ActiveCfg = Release|Any CPU
		{712DB743-1472-415D-9B19-5B767E11B2B7}.Ad-Hoc|x86.Build.0 = Release|Any CPU
		{712DB743-1472-415D-9B19-5B767E11B2B7}.AppStore|Any CPU.ActiveCfg = Release|Any CPU
		{712DB743-1472-415D-9B19-5B767E11B2B7}.AppStore|Any CPU.Build.0 = Release|Any CPU
		{712DB743-1472-415D-9B19-5B767E11B2B7}.AppStore|ARM.ActiveCfg = Release|Any CPU
		{712DB743-1472-415D-9B19-5B767E11B2B7}.AppStore|ARM.Build.0 = Release|Any CPU
		{712DB743-1472-415D-9B19-5B767E11B2B7}.AppStore|iPhone.ActiveCfg = Release|Any CPU
		{712DB743-1472-415D-9B19-5B767E11B2B7}.AppStore|iPhone.Build.0 = Release|Any CPU
		{712DB743-1472-415D-9B19-5B767E11B2B7}.AppStore|iPhoneSimulator.ActiveCfg = Release|Any CPU
		{712DB743-1472-415D-9B19-5B767E11B2B7}.AppStore|iPhoneSimulator.Build.0 = Release|Any CPU
		{712DB743-1472-415D-9B19-5B767E11B2B7}.AppStore|x64.ActiveCfg = Release|Any CPU
		{712DB743-1472-415D-9B19-5B767E11B2B7}.AppStore|x64.Build.0 = Release|Any CPU
		{712DB743-1472-415D-9B19-5B767E11B2B7}.AppStore|x86.ActiveCfg = Release|Any CPU
		{712DB743-1472-415D-9B19-5B767E11B2B7}.AppStore|x86.Build.0 = Release|Any CPU
		{712DB743-1472-415D-9B19-5B767E11B2B7}.Debug|Any CPU.ActiveCfg = Debug|Any CPU
		{712DB743-1472-415D-9B19-5B767E11B2B7}.Debug|Any CPU.Build.0 = Debug|Any CPU
		{712DB743-1472-415D-9B19-5B767E11B2B7}.Debug|ARM.ActiveCfg = Debug|Any CPU
		{712DB743-1472-415D-9B19-5B767E11B2B7}.Debug|ARM.Build.0 = Debug|Any CPU
		{712DB743-1472-415D-9B19-5B767E11B2B7}.Debug|iPhone.ActiveCfg = Debug|Any CPU
		{712DB743-1472-415D-9B19-5B767E11B2B7}.Debug|iPhone.Build.0 = Debug|Any CPU
		{712DB743-1472-415D-9B19-5B767E11B2B7}.Debug|iPhoneSimulator.ActiveCfg = Debug|Any CPU
		{712DB743-1472-415D-9B19-5B767E11B2B7}.Debug|iPhoneSimulator.Build.0 = Debug|Any CPU
		{712DB743-1472-415D-9B19-5B767E11B2B7}.Debug|x64.ActiveCfg = Debug|Any CPU
		{712DB743-1472-415D-9B19-5B767E11B2B7}.Debug|x64.Build.0 = Debug|Any CPU
		{712DB743-1472-415D-9B19-5B767E11B2B7}.Debug|x86.ActiveCfg = Debug|Any CPU
		{712DB743-1472-415D-9B19-5B767E11B2B7}.Debug|x86.Build.0 = Debug|Any CPU
		{712DB743-1472-415D-9B19-5B767E11B2B7}.Release|Any CPU.ActiveCfg = Release|Any CPU
		{712DB743-1472-415D-9B19-5B767E11B2B7}.Release|Any CPU.Build.0 = Release|Any CPU
		{712DB743-1472-415D-9B19-5B767E11B2B7}.Release|ARM.ActiveCfg = Release|Any CPU
		{712DB743-1472-415D-9B19-5B767E11B2B7}.Release|ARM.Build.0 = Release|Any CPU
		{712DB743-1472-415D-9B19-5B767E11B2B7}.Release|iPhone.ActiveCfg = Release|Any CPU
		{712DB743-1472-415D-9B19-5B767E11B2B7}.Release|iPhone.Build.0 = Release|Any CPU
		{712DB743-1472-415D-9B19-5B767E11B2B7}.Release|iPhoneSimulator.ActiveCfg = Release|Any CPU
		{712DB743-1472-415D-9B19-5B767E11B2B7}.Release|iPhoneSimulator.Build.0 = Release|Any CPU
		{712DB743-1472-415D-9B19-5B767E11B2B7}.Release|x64.ActiveCfg = Release|Any CPU
		{712DB743-1472-415D-9B19-5B767E11B2B7}.Release|x64.Build.0 = Release|Any CPU
		{712DB743-1472-415D-9B19-5B767E11B2B7}.Release|x86.ActiveCfg = Release|Any CPU
		{712DB743-1472-415D-9B19-5B767E11B2B7}.Release|x86.Build.0 = Release|Any CPU
		{DD3F5ECF-0A18-4C26-BA2A-E8AEBBDCE304}.Ad-Hoc|Any CPU.ActiveCfg = Release|Any CPU
		{DD3F5ECF-0A18-4C26-BA2A-E8AEBBDCE304}.Ad-Hoc|Any CPU.Build.0 = Release|Any CPU
		{DD3F5ECF-0A18-4C26-BA2A-E8AEBBDCE304}.Ad-Hoc|ARM.ActiveCfg = Release|Any CPU
		{DD3F5ECF-0A18-4C26-BA2A-E8AEBBDCE304}.Ad-Hoc|ARM.Build.0 = Release|Any CPU
		{DD3F5ECF-0A18-4C26-BA2A-E8AEBBDCE304}.Ad-Hoc|iPhone.ActiveCfg = Release|Any CPU
		{DD3F5ECF-0A18-4C26-BA2A-E8AEBBDCE304}.Ad-Hoc|iPhone.Build.0 = Release|Any CPU
		{DD3F5ECF-0A18-4C26-BA2A-E8AEBBDCE304}.Ad-Hoc|iPhoneSimulator.ActiveCfg = Release|Any CPU
		{DD3F5ECF-0A18-4C26-BA2A-E8AEBBDCE304}.Ad-Hoc|iPhoneSimulator.Build.0 = Release|Any CPU
		{DD3F5ECF-0A18-4C26-BA2A-E8AEBBDCE304}.Ad-Hoc|x64.ActiveCfg = Release|Any CPU
		{DD3F5ECF-0A18-4C26-BA2A-E8AEBBDCE304}.Ad-Hoc|x64.Build.0 = Release|Any CPU
		{DD3F5ECF-0A18-4C26-BA2A-E8AEBBDCE304}.Ad-Hoc|x86.ActiveCfg = Release|Any CPU
		{DD3F5ECF-0A18-4C26-BA2A-E8AEBBDCE304}.Ad-Hoc|x86.Build.0 = Release|Any CPU
		{DD3F5ECF-0A18-4C26-BA2A-E8AEBBDCE304}.AppStore|Any CPU.ActiveCfg = Release|Any CPU
		{DD3F5ECF-0A18-4C26-BA2A-E8AEBBDCE304}.AppStore|Any CPU.Build.0 = Release|Any CPU
		{DD3F5ECF-0A18-4C26-BA2A-E8AEBBDCE304}.AppStore|ARM.ActiveCfg = Release|Any CPU
		{DD3F5ECF-0A18-4C26-BA2A-E8AEBBDCE304}.AppStore|ARM.Build.0 = Release|Any CPU
		{DD3F5ECF-0A18-4C26-BA2A-E8AEBBDCE304}.AppStore|iPhone.ActiveCfg = Release|Any CPU
		{DD3F5ECF-0A18-4C26-BA2A-E8AEBBDCE304}.AppStore|iPhone.Build.0 = Release|Any CPU
		{DD3F5ECF-0A18-4C26-BA2A-E8AEBBDCE304}.AppStore|iPhoneSimulator.ActiveCfg = Release|Any CPU
		{DD3F5ECF-0A18-4C26-BA2A-E8AEBBDCE304}.AppStore|iPhoneSimulator.Build.0 = Release|Any CPU
		{DD3F5ECF-0A18-4C26-BA2A-E8AEBBDCE304}.AppStore|x64.ActiveCfg = Release|Any CPU
		{DD3F5ECF-0A18-4C26-BA2A-E8AEBBDCE304}.AppStore|x64.Build.0 = Release|Any CPU
		{DD3F5ECF-0A18-4C26-BA2A-E8AEBBDCE304}.AppStore|x86.ActiveCfg = Release|Any CPU
		{DD3F5ECF-0A18-4C26-BA2A-E8AEBBDCE304}.AppStore|x86.Build.0 = Release|Any CPU
		{DD3F5ECF-0A18-4C26-BA2A-E8AEBBDCE304}.Debug|Any CPU.ActiveCfg = Debug|Any CPU
		{DD3F5ECF-0A18-4C26-BA2A-E8AEBBDCE304}.Debug|Any CPU.Build.0 = Debug|Any CPU
		{DD3F5ECF-0A18-4C26-BA2A-E8AEBBDCE304}.Debug|ARM.ActiveCfg = Debug|Any CPU
		{DD3F5ECF-0A18-4C26-BA2A-E8AEBBDCE304}.Debug|ARM.Build.0 = Debug|Any CPU
		{DD3F5ECF-0A18-4C26-BA2A-E8AEBBDCE304}.Debug|iPhone.ActiveCfg = Debug|Any CPU
		{DD3F5ECF-0A18-4C26-BA2A-E8AEBBDCE304}.Debug|iPhone.Build.0 = Debug|Any CPU
		{DD3F5ECF-0A18-4C26-BA2A-E8AEBBDCE304}.Debug|iPhoneSimulator.ActiveCfg = Debug|Any CPU
		{DD3F5ECF-0A18-4C26-BA2A-E8AEBBDCE304}.Debug|iPhoneSimulator.Build.0 = Debug|Any CPU
		{DD3F5ECF-0A18-4C26-BA2A-E8AEBBDCE304}.Debug|x64.ActiveCfg = Debug|Any CPU
		{DD3F5ECF-0A18-4C26-BA2A-E8AEBBDCE304}.Debug|x64.Build.0 = Debug|Any CPU
		{DD3F5ECF-0A18-4C26-BA2A-E8AEBBDCE304}.Debug|x86.ActiveCfg = Debug|Any CPU
		{DD3F5ECF-0A18-4C26-BA2A-E8AEBBDCE304}.Debug|x86.Build.0 = Debug|Any CPU
		{DD3F5ECF-0A18-4C26-BA2A-E8AEBBDCE304}.Release|Any CPU.ActiveCfg = Release|Any CPU
		{DD3F5ECF-0A18-4C26-BA2A-E8AEBBDCE304}.Release|Any CPU.Build.0 = Release|Any CPU
		{DD3F5ECF-0A18-4C26-BA2A-E8AEBBDCE304}.Release|ARM.ActiveCfg = Release|Any CPU
		{DD3F5ECF-0A18-4C26-BA2A-E8AEBBDCE304}.Release|ARM.Build.0 = Release|Any CPU
		{DD3F5ECF-0A18-4C26-BA2A-E8AEBBDCE304}.Release|iPhone.ActiveCfg = Release|Any CPU
		{DD3F5ECF-0A18-4C26-BA2A-E8AEBBDCE304}.Release|iPhone.Build.0 = Release|Any CPU
		{DD3F5ECF-0A18-4C26-BA2A-E8AEBBDCE304}.Release|iPhoneSimulator.ActiveCfg = Release|Any CPU
		{DD3F5ECF-0A18-4C26-BA2A-E8AEBBDCE304}.Release|iPhoneSimulator.Build.0 = Release|Any CPU
		{DD3F5ECF-0A18-4C26-BA2A-E8AEBBDCE304}.Release|x64.ActiveCfg = Release|Any CPU
		{DD3F5ECF-0A18-4C26-BA2A-E8AEBBDCE304}.Release|x64.Build.0 = Release|Any CPU
		{DD3F5ECF-0A18-4C26-BA2A-E8AEBBDCE304}.Release|x86.ActiveCfg = Release|Any CPU
		{DD3F5ECF-0A18-4C26-BA2A-E8AEBBDCE304}.Release|x86.Build.0 = Release|Any CPU
		{BE63C6C2-B6AD-48A6-99B0-A8DA1F1E3634}.Ad-Hoc|Any CPU.ActiveCfg = Release|Any CPU
		{BE63C6C2-B6AD-48A6-99B0-A8DA1F1E3634}.Ad-Hoc|Any CPU.Build.0 = Release|Any CPU
		{BE63C6C2-B6AD-48A6-99B0-A8DA1F1E3634}.Ad-Hoc|ARM.ActiveCfg = Release|Any CPU
		{BE63C6C2-B6AD-48A6-99B0-A8DA1F1E3634}.Ad-Hoc|ARM.Build.0 = Release|Any CPU
		{BE63C6C2-B6AD-48A6-99B0-A8DA1F1E3634}.Ad-Hoc|iPhone.ActiveCfg = Release|Any CPU
		{BE63C6C2-B6AD-48A6-99B0-A8DA1F1E3634}.Ad-Hoc|iPhone.Build.0 = Release|Any CPU
		{BE63C6C2-B6AD-48A6-99B0-A8DA1F1E3634}.Ad-Hoc|iPhoneSimulator.ActiveCfg = Release|Any CPU
		{BE63C6C2-B6AD-48A6-99B0-A8DA1F1E3634}.Ad-Hoc|iPhoneSimulator.Build.0 = Release|Any CPU
		{BE63C6C2-B6AD-48A6-99B0-A8DA1F1E3634}.Ad-Hoc|x64.ActiveCfg = Release|Any CPU
		{BE63C6C2-B6AD-48A6-99B0-A8DA1F1E3634}.Ad-Hoc|x64.Build.0 = Release|Any CPU
		{BE63C6C2-B6AD-48A6-99B0-A8DA1F1E3634}.Ad-Hoc|x86.ActiveCfg = Release|Any CPU
		{BE63C6C2-B6AD-48A6-99B0-A8DA1F1E3634}.Ad-Hoc|x86.Build.0 = Release|Any CPU
		{BE63C6C2-B6AD-48A6-99B0-A8DA1F1E3634}.AppStore|Any CPU.ActiveCfg = Release|Any CPU
		{BE63C6C2-B6AD-48A6-99B0-A8DA1F1E3634}.AppStore|Any CPU.Build.0 = Release|Any CPU
		{BE63C6C2-B6AD-48A6-99B0-A8DA1F1E3634}.AppStore|ARM.ActiveCfg = Release|Any CPU
		{BE63C6C2-B6AD-48A6-99B0-A8DA1F1E3634}.AppStore|ARM.Build.0 = Release|Any CPU
		{BE63C6C2-B6AD-48A6-99B0-A8DA1F1E3634}.AppStore|iPhone.ActiveCfg = Release|Any CPU
		{BE63C6C2-B6AD-48A6-99B0-A8DA1F1E3634}.AppStore|iPhone.Build.0 = Release|Any CPU
		{BE63C6C2-B6AD-48A6-99B0-A8DA1F1E3634}.AppStore|iPhoneSimulator.ActiveCfg = Release|Any CPU
		{BE63C6C2-B6AD-48A6-99B0-A8DA1F1E3634}.AppStore|iPhoneSimulator.Build.0 = Release|Any CPU
		{BE63C6C2-B6AD-48A6-99B0-A8DA1F1E3634}.AppStore|x64.ActiveCfg = Release|Any CPU
		{BE63C6C2-B6AD-48A6-99B0-A8DA1F1E3634}.AppStore|x64.Build.0 = Release|Any CPU
		{BE63C6C2-B6AD-48A6-99B0-A8DA1F1E3634}.AppStore|x86.ActiveCfg = Release|Any CPU
		{BE63C6C2-B6AD-48A6-99B0-A8DA1F1E3634}.AppStore|x86.Build.0 = Release|Any CPU
		{BE63C6C2-B6AD-48A6-99B0-A8DA1F1E3634}.Debug|Any CPU.ActiveCfg = Debug|Any CPU
		{BE63C6C2-B6AD-48A6-99B0-A8DA1F1E3634}.Debug|Any CPU.Build.0 = Debug|Any CPU
		{BE63C6C2-B6AD-48A6-99B0-A8DA1F1E3634}.Debug|Any CPU.Deploy.0 = Debug|Any CPU
		{BE63C6C2-B6AD-48A6-99B0-A8DA1F1E3634}.Debug|ARM.ActiveCfg = Debug|Any CPU
		{BE63C6C2-B6AD-48A6-99B0-A8DA1F1E3634}.Debug|ARM.Build.0 = Debug|Any CPU
		{BE63C6C2-B6AD-48A6-99B0-A8DA1F1E3634}.Debug|iPhone.ActiveCfg = Debug|Any CPU
		{BE63C6C2-B6AD-48A6-99B0-A8DA1F1E3634}.Debug|iPhone.Build.0 = Debug|Any CPU
		{BE63C6C2-B6AD-48A6-99B0-A8DA1F1E3634}.Debug|iPhoneSimulator.ActiveCfg = Debug|Any CPU
		{BE63C6C2-B6AD-48A6-99B0-A8DA1F1E3634}.Debug|iPhoneSimulator.Build.0 = Debug|Any CPU
		{BE63C6C2-B6AD-48A6-99B0-A8DA1F1E3634}.Debug|x64.ActiveCfg = Debug|Any CPU
		{BE63C6C2-B6AD-48A6-99B0-A8DA1F1E3634}.Debug|x64.Build.0 = Debug|Any CPU
		{BE63C6C2-B6AD-48A6-99B0-A8DA1F1E3634}.Debug|x86.ActiveCfg = Debug|Any CPU
		{BE63C6C2-B6AD-48A6-99B0-A8DA1F1E3634}.Debug|x86.Build.0 = Debug|Any CPU
		{BE63C6C2-B6AD-48A6-99B0-A8DA1F1E3634}.Release|Any CPU.ActiveCfg = Release|Any CPU
		{BE63C6C2-B6AD-48A6-99B0-A8DA1F1E3634}.Release|Any CPU.Build.0 = Release|Any CPU
		{BE63C6C2-B6AD-48A6-99B0-A8DA1F1E3634}.Release|Any CPU.Deploy.0 = Release|Any CPU
		{BE63C6C2-B6AD-48A6-99B0-A8DA1F1E3634}.Release|ARM.ActiveCfg = Release|Any CPU
		{BE63C6C2-B6AD-48A6-99B0-A8DA1F1E3634}.Release|ARM.Build.0 = Release|Any CPU
		{BE63C6C2-B6AD-48A6-99B0-A8DA1F1E3634}.Release|iPhone.ActiveCfg = Release|Any CPU
		{BE63C6C2-B6AD-48A6-99B0-A8DA1F1E3634}.Release|iPhone.Build.0 = Release|Any CPU
		{BE63C6C2-B6AD-48A6-99B0-A8DA1F1E3634}.Release|iPhoneSimulator.ActiveCfg = Release|Any CPU
		{BE63C6C2-B6AD-48A6-99B0-A8DA1F1E3634}.Release|iPhoneSimulator.Build.0 = Release|Any CPU
		{BE63C6C2-B6AD-48A6-99B0-A8DA1F1E3634}.Release|x64.ActiveCfg = Release|Any CPU
		{BE63C6C2-B6AD-48A6-99B0-A8DA1F1E3634}.Release|x64.Build.0 = Release|Any CPU
		{BE63C6C2-B6AD-48A6-99B0-A8DA1F1E3634}.Release|x86.ActiveCfg = Release|Any CPU
		{BE63C6C2-B6AD-48A6-99B0-A8DA1F1E3634}.Release|x86.Build.0 = Release|Any CPU
		{34E4E666-80DE-4081-8506-C4701498AA5D}.Ad-Hoc|Any CPU.ActiveCfg = Release|Any CPU
		{34E4E666-80DE-4081-8506-C4701498AA5D}.Ad-Hoc|Any CPU.Build.0 = Release|Any CPU
		{34E4E666-80DE-4081-8506-C4701498AA5D}.Ad-Hoc|ARM.ActiveCfg = Release|Any CPU
		{34E4E666-80DE-4081-8506-C4701498AA5D}.Ad-Hoc|ARM.Build.0 = Release|Any CPU
		{34E4E666-80DE-4081-8506-C4701498AA5D}.Ad-Hoc|iPhone.ActiveCfg = Release|Any CPU
		{34E4E666-80DE-4081-8506-C4701498AA5D}.Ad-Hoc|iPhone.Build.0 = Release|Any CPU
		{34E4E666-80DE-4081-8506-C4701498AA5D}.Ad-Hoc|iPhoneSimulator.ActiveCfg = Release|Any CPU
		{34E4E666-80DE-4081-8506-C4701498AA5D}.Ad-Hoc|iPhoneSimulator.Build.0 = Release|Any CPU
		{34E4E666-80DE-4081-8506-C4701498AA5D}.Ad-Hoc|x64.ActiveCfg = Release|Any CPU
		{34E4E666-80DE-4081-8506-C4701498AA5D}.Ad-Hoc|x64.Build.0 = Release|Any CPU
		{34E4E666-80DE-4081-8506-C4701498AA5D}.Ad-Hoc|x86.ActiveCfg = Release|Any CPU
		{34E4E666-80DE-4081-8506-C4701498AA5D}.Ad-Hoc|x86.Build.0 = Release|Any CPU
		{34E4E666-80DE-4081-8506-C4701498AA5D}.AppStore|Any CPU.ActiveCfg = Release|Any CPU
		{34E4E666-80DE-4081-8506-C4701498AA5D}.AppStore|Any CPU.Build.0 = Release|Any CPU
		{34E4E666-80DE-4081-8506-C4701498AA5D}.AppStore|ARM.ActiveCfg = Release|Any CPU
		{34E4E666-80DE-4081-8506-C4701498AA5D}.AppStore|ARM.Build.0 = Release|Any CPU
		{34E4E666-80DE-4081-8506-C4701498AA5D}.AppStore|iPhone.ActiveCfg = Release|Any CPU
		{34E4E666-80DE-4081-8506-C4701498AA5D}.AppStore|iPhone.Build.0 = Release|Any CPU
		{34E4E666-80DE-4081-8506-C4701498AA5D}.AppStore|iPhoneSimulator.ActiveCfg = Release|Any CPU
		{34E4E666-80DE-4081-8506-C4701498AA5D}.AppStore|iPhoneSimulator.Build.0 = Release|Any CPU
		{34E4E666-80DE-4081-8506-C4701498AA5D}.AppStore|x64.ActiveCfg = Release|Any CPU
		{34E4E666-80DE-4081-8506-C4701498AA5D}.AppStore|x64.Build.0 = Release|Any CPU
		{34E4E666-80DE-4081-8506-C4701498AA5D}.AppStore|x86.ActiveCfg = Release|Any CPU
		{34E4E666-80DE-4081-8506-C4701498AA5D}.AppStore|x86.Build.0 = Release|Any CPU
		{34E4E666-80DE-4081-8506-C4701498AA5D}.Debug|Any CPU.ActiveCfg = Debug|Any CPU
		{34E4E666-80DE-4081-8506-C4701498AA5D}.Debug|Any CPU.Build.0 = Debug|Any CPU
		{34E4E666-80DE-4081-8506-C4701498AA5D}.Debug|ARM.ActiveCfg = Debug|Any CPU
		{34E4E666-80DE-4081-8506-C4701498AA5D}.Debug|ARM.Build.0 = Debug|Any CPU
		{34E4E666-80DE-4081-8506-C4701498AA5D}.Debug|iPhone.ActiveCfg = Debug|Any CPU
		{34E4E666-80DE-4081-8506-C4701498AA5D}.Debug|iPhone.Build.0 = Debug|Any CPU
		{34E4E666-80DE-4081-8506-C4701498AA5D}.Debug|iPhoneSimulator.ActiveCfg = Debug|Any CPU
		{34E4E666-80DE-4081-8506-C4701498AA5D}.Debug|iPhoneSimulator.Build.0 = Debug|Any CPU
		{34E4E666-80DE-4081-8506-C4701498AA5D}.Debug|x64.ActiveCfg = Debug|Any CPU
		{34E4E666-80DE-4081-8506-C4701498AA5D}.Debug|x64.Build.0 = Debug|Any CPU
		{34E4E666-80DE-4081-8506-C4701498AA5D}.Debug|x86.ActiveCfg = Debug|Any CPU
		{34E4E666-80DE-4081-8506-C4701498AA5D}.Debug|x86.Build.0 = Debug|Any CPU
		{34E4E666-80DE-4081-8506-C4701498AA5D}.Release|Any CPU.ActiveCfg = Release|Any CPU
		{34E4E666-80DE-4081-8506-C4701498AA5D}.Release|Any CPU.Build.0 = Release|Any CPU
		{34E4E666-80DE-4081-8506-C4701498AA5D}.Release|ARM.ActiveCfg = Release|Any CPU
		{34E4E666-80DE-4081-8506-C4701498AA5D}.Release|ARM.Build.0 = Release|Any CPU
		{34E4E666-80DE-4081-8506-C4701498AA5D}.Release|iPhone.ActiveCfg = Release|Any CPU
		{34E4E666-80DE-4081-8506-C4701498AA5D}.Release|iPhone.Build.0 = Release|Any CPU
		{34E4E666-80DE-4081-8506-C4701498AA5D}.Release|iPhoneSimulator.ActiveCfg = Release|Any CPU
		{34E4E666-80DE-4081-8506-C4701498AA5D}.Release|iPhoneSimulator.Build.0 = Release|Any CPU
		{34E4E666-80DE-4081-8506-C4701498AA5D}.Release|x64.ActiveCfg = Release|Any CPU
		{34E4E666-80DE-4081-8506-C4701498AA5D}.Release|x64.Build.0 = Release|Any CPU
		{34E4E666-80DE-4081-8506-C4701498AA5D}.Release|x86.ActiveCfg = Release|Any CPU
		{34E4E666-80DE-4081-8506-C4701498AA5D}.Release|x86.Build.0 = Release|Any CPU
		{869EFE4E-836E-4684-AB70-BA05910EC20F}.Ad-Hoc|Any CPU.ActiveCfg = Release|x64
		{869EFE4E-836E-4684-AB70-BA05910EC20F}.Ad-Hoc|Any CPU.Build.0 = Release|x64
		{869EFE4E-836E-4684-AB70-BA05910EC20F}.Ad-Hoc|Any CPU.Deploy.0 = Release|x64
		{869EFE4E-836E-4684-AB70-BA05910EC20F}.Ad-Hoc|ARM.ActiveCfg = Release|ARM
		{869EFE4E-836E-4684-AB70-BA05910EC20F}.Ad-Hoc|ARM.Build.0 = Release|ARM
		{869EFE4E-836E-4684-AB70-BA05910EC20F}.Ad-Hoc|ARM.Deploy.0 = Release|ARM
		{869EFE4E-836E-4684-AB70-BA05910EC20F}.Ad-Hoc|ARM64.ActiveCfg = Release|ARM64
		{869EFE4E-836E-4684-AB70-BA05910EC20F}.Ad-Hoc|ARM64.Build.0 = Release|ARM64
		{869EFE4E-836E-4684-AB70-BA05910EC20F}.Ad-Hoc|ARM64.Deploy.0 = Release|ARM64
		{869EFE4E-836E-4684-AB70-BA05910EC20F}.Ad-Hoc|iPhone.ActiveCfg = Release|x64
		{869EFE4E-836E-4684-AB70-BA05910EC20F}.Ad-Hoc|iPhone.Build.0 = Release|x64
		{869EFE4E-836E-4684-AB70-BA05910EC20F}.Ad-Hoc|iPhone.Deploy.0 = Release|x64
		{869EFE4E-836E-4684-AB70-BA05910EC20F}.Ad-Hoc|iPhoneSimulator.ActiveCfg = Release|x64
		{869EFE4E-836E-4684-AB70-BA05910EC20F}.Ad-Hoc|iPhoneSimulator.Build.0 = Release|x64
		{869EFE4E-836E-4684-AB70-BA05910EC20F}.Ad-Hoc|iPhoneSimulator.Deploy.0 = Release|x64
		{869EFE4E-836E-4684-AB70-BA05910EC20F}.Ad-Hoc|x64.ActiveCfg = Release|x64
		{869EFE4E-836E-4684-AB70-BA05910EC20F}.Ad-Hoc|x64.Build.0 = Release|x64
		{869EFE4E-836E-4684-AB70-BA05910EC20F}.Ad-Hoc|x64.Deploy.0 = Release|x64
		{869EFE4E-836E-4684-AB70-BA05910EC20F}.Ad-Hoc|x86.ActiveCfg = Release|x86
		{869EFE4E-836E-4684-AB70-BA05910EC20F}.Ad-Hoc|x86.Build.0 = Release|x86
		{869EFE4E-836E-4684-AB70-BA05910EC20F}.Ad-Hoc|x86.Deploy.0 = Release|x86
		{869EFE4E-836E-4684-AB70-BA05910EC20F}.AppStore|Any CPU.ActiveCfg = Release|x64
		{869EFE4E-836E-4684-AB70-BA05910EC20F}.AppStore|Any CPU.Build.0 = Release|x64
		{869EFE4E-836E-4684-AB70-BA05910EC20F}.AppStore|Any CPU.Deploy.0 = Release|x64
		{869EFE4E-836E-4684-AB70-BA05910EC20F}.AppStore|ARM.ActiveCfg = Release|ARM
		{869EFE4E-836E-4684-AB70-BA05910EC20F}.AppStore|ARM.Build.0 = Release|ARM
		{869EFE4E-836E-4684-AB70-BA05910EC20F}.AppStore|ARM.Deploy.0 = Release|ARM
		{869EFE4E-836E-4684-AB70-BA05910EC20F}.AppStore|ARM64.ActiveCfg = Release|ARM64
		{869EFE4E-836E-4684-AB70-BA05910EC20F}.AppStore|ARM64.Build.0 = Release|ARM64
		{869EFE4E-836E-4684-AB70-BA05910EC20F}.AppStore|ARM64.Deploy.0 = Release|ARM64
		{869EFE4E-836E-4684-AB70-BA05910EC20F}.AppStore|iPhone.ActiveCfg = Release|x64
		{869EFE4E-836E-4684-AB70-BA05910EC20F}.AppStore|iPhone.Build.0 = Release|x64
		{869EFE4E-836E-4684-AB70-BA05910EC20F}.AppStore|iPhone.Deploy.0 = Release|x64
		{869EFE4E-836E-4684-AB70-BA05910EC20F}.AppStore|iPhoneSimulator.ActiveCfg = Release|x64
		{869EFE4E-836E-4684-AB70-BA05910EC20F}.AppStore|iPhoneSimulator.Build.0 = Release|x64
		{869EFE4E-836E-4684-AB70-BA05910EC20F}.AppStore|iPhoneSimulator.Deploy.0 = Release|x64
		{869EFE4E-836E-4684-AB70-BA05910EC20F}.AppStore|x64.ActiveCfg = Release|x64
		{869EFE4E-836E-4684-AB70-BA05910EC20F}.AppStore|x64.Build.0 = Release|x64
		{869EFE4E-836E-4684-AB70-BA05910EC20F}.AppStore|x64.Deploy.0 = Release|x64
		{869EFE4E-836E-4684-AB70-BA05910EC20F}.AppStore|x86.ActiveCfg = Release|x86
		{869EFE4E-836E-4684-AB70-BA05910EC20F}.AppStore|x86.Build.0 = Release|x86
		{869EFE4E-836E-4684-AB70-BA05910EC20F}.AppStore|x86.Deploy.0 = Release|x86
		{869EFE4E-836E-4684-AB70-BA05910EC20F}.Debug|Any CPU.ActiveCfg = Debug|x86
		{869EFE4E-836E-4684-AB70-BA05910EC20F}.Debug|ARM.ActiveCfg = Debug|ARM
		{869EFE4E-836E-4684-AB70-BA05910EC20F}.Debug|ARM.Build.0 = Debug|ARM
		{869EFE4E-836E-4684-AB70-BA05910EC20F}.Debug|ARM.Deploy.0 = Debug|ARM
		{869EFE4E-836E-4684-AB70-BA05910EC20F}.Debug|ARM64.ActiveCfg = Debug|ARM64
		{869EFE4E-836E-4684-AB70-BA05910EC20F}.Debug|ARM64.Build.0 = Debug|ARM64
		{869EFE4E-836E-4684-AB70-BA05910EC20F}.Debug|ARM64.Deploy.0 = Debug|ARM64
		{869EFE4E-836E-4684-AB70-BA05910EC20F}.Debug|iPhone.ActiveCfg = Debug|x86
		{869EFE4E-836E-4684-AB70-BA05910EC20F}.Debug|iPhoneSimulator.ActiveCfg = Debug|x86
		{869EFE4E-836E-4684-AB70-BA05910EC20F}.Debug|x64.ActiveCfg = Debug|x64
		{869EFE4E-836E-4684-AB70-BA05910EC20F}.Debug|x64.Build.0 = Debug|x64
		{869EFE4E-836E-4684-AB70-BA05910EC20F}.Debug|x64.Deploy.0 = Debug|x64
		{869EFE4E-836E-4684-AB70-BA05910EC20F}.Debug|x86.ActiveCfg = Debug|x86
		{869EFE4E-836E-4684-AB70-BA05910EC20F}.Debug|x86.Build.0 = Debug|x86
		{869EFE4E-836E-4684-AB70-BA05910EC20F}.Debug|x86.Deploy.0 = Debug|x86
		{869EFE4E-836E-4684-AB70-BA05910EC20F}.Release|Any CPU.ActiveCfg = Release|x86
		{869EFE4E-836E-4684-AB70-BA05910EC20F}.Release|ARM.ActiveCfg = Release|ARM
		{869EFE4E-836E-4684-AB70-BA05910EC20F}.Release|ARM.Build.0 = Release|ARM
		{869EFE4E-836E-4684-AB70-BA05910EC20F}.Release|ARM.Deploy.0 = Release|ARM
		{869EFE4E-836E-4684-AB70-BA05910EC20F}.Release|ARM64.ActiveCfg = Release|ARM64
		{869EFE4E-836E-4684-AB70-BA05910EC20F}.Release|ARM64.Build.0 = Release|ARM64
		{869EFE4E-836E-4684-AB70-BA05910EC20F}.Release|ARM64.Deploy.0 = Release|ARM64
		{869EFE4E-836E-4684-AB70-BA05910EC20F}.Release|iPhone.ActiveCfg = Release|x86
		{869EFE4E-836E-4684-AB70-BA05910EC20F}.Release|iPhoneSimulator.ActiveCfg = Release|x86
		{869EFE4E-836E-4684-AB70-BA05910EC20F}.Release|x64.ActiveCfg = Release|x64
		{869EFE4E-836E-4684-AB70-BA05910EC20F}.Release|x64.Build.0 = Release|x64
		{869EFE4E-836E-4684-AB70-BA05910EC20F}.Release|x64.Deploy.0 = Release|x64
		{869EFE4E-836E-4684-AB70-BA05910EC20F}.Release|x86.ActiveCfg = Release|x86
		{869EFE4E-836E-4684-AB70-BA05910EC20F}.Release|x86.Build.0 = Release|x86
		{869EFE4E-836E-4684-AB70-BA05910EC20F}.Release|x86.Deploy.0 = Release|x86
	EndGlobalSection
	GlobalSection(SolutionProperties) = preSolution
		HideSolutionNode = FALSE
	EndGlobalSection
	GlobalSection(ExtensibilityGlobals) = postSolution
		SolutionGuid = {F6D05029-56B8-4E45-AF2D-0E76295DDBA2}
	EndGlobalSection
EndGlobal
